
Microsoft Visual Studio Solution File, Format Version 12.00
# Visual Studio 15
VisualStudioVersion = 15.0.27703.2026
MinimumVisualStudioVersion = 10.0.40219.1
Project("{9A19103F-16F7-4668-BE54-9A1E7A4F7556}") = "Hackathon.Garbage.WebTest", "Hackathon.Garbage.WebTest\Hackathon.Garbage.WebTest.csproj", "{E791E2D1-0BFF-4D8C-BB25-F4ED19E206E2}"
EndProject
Project("{9A19103F-16F7-4668-BE54-9A1E7A4F7556}") = "Hackathon.Garbage.Api", "Hackathon.Garbage.Api\Hackathon.Garbage.Api.csproj", "{92A55AA1-6826-413A-B298-B3857A6C85BF}"
EndProject
Project("{9A19103F-16F7-4668-BE54-9A1E7A4F7556}") = "Hackathon.Garbage.Web", "Hackathon.Garbage.Web\Hackathon.Garbage.Web.csproj", "{7126F865-BEB1-42A8-BE64-08F3DE5B206A}"
EndProject
Project("{FAE04EC0-301F-11D3-BF4B-00C04F79EFBC}") = "Hackathon.Garbage.Dal", "Hackathon.Garbaage.Dal\Hackathon.Garbage.Dal.csproj", "{C2BCC157-1B9B-4398-BDE4-BFFE328AB2BC}"
EndProject
Global
	GlobalSection(SolutionConfigurationPlatforms) = preSolution
		Ad-Hoc|Any CPU = Ad-Hoc|Any CPU
		Ad-Hoc|iPhone = Ad-Hoc|iPhone
		Ad-Hoc|iPhoneSimulator = Ad-Hoc|iPhoneSimulator
		AppStore|Any CPU = AppStore|Any CPU
		AppStore|iPhone = AppStore|iPhone
		AppStore|iPhoneSimulator = AppStore|iPhoneSimulator
		Debug|Any CPU = Debug|Any CPU
		Debug|iPhone = Debug|iPhone
		Debug|iPhoneSimulator = Debug|iPhoneSimulator
		Release|Any CPU = Release|Any CPU
		Release|iPhone = Release|iPhone
		Release|iPhoneSimulator = Release|iPhoneSimulator
	EndGlobalSection
	GlobalSection(ProjectConfigurationPlatforms) = postSolution
		{E791E2D1-0BFF-4D8C-BB25-F4ED19E206E2}.Ad-Hoc|Any CPU.ActiveCfg = Release|Any CPU
		{E791E2D1-0BFF-4D8C-BB25-F4ED19E206E2}.Ad-Hoc|Any CPU.Build.0 = Release|Any CPU
		{E791E2D1-0BFF-4D8C-BB25-F4ED19E206E2}.Ad-Hoc|iPhone.ActiveCfg = Release|Any CPU
		{E791E2D1-0BFF-4D8C-BB25-F4ED19E206E2}.Ad-Hoc|iPhone.Build.0 = Release|Any CPU
		{E791E2D1-0BFF-4D8C-BB25-F4ED19E206E2}.Ad-Hoc|iPhoneSimulator.ActiveCfg = Release|Any CPU
		{E791E2D1-0BFF-4D8C-BB25-F4ED19E206E2}.Ad-Hoc|iPhoneSimulator.Build.0 = Release|Any CPU
		{E791E2D1-0BFF-4D8C-BB25-F4ED19E206E2}.AppStore|Any CPU.ActiveCfg = Release|Any CPU
		{E791E2D1-0BFF-4D8C-BB25-F4ED19E206E2}.AppStore|Any CPU.Build.0 = Release|Any CPU
		{E791E2D1-0BFF-4D8C-BB25-F4ED19E206E2}.AppStore|iPhone.ActiveCfg = Release|Any CPU
		{E791E2D1-0BFF-4D8C-BB25-F4ED19E206E2}.AppStore|iPhone.Build.0 = Release|Any CPU
		{E791E2D1-0BFF-4D8C-BB25-F4ED19E206E2}.AppStore|iPhoneSimulator.ActiveCfg = Release|Any CPU
		{E791E2D1-0BFF-4D8C-BB25-F4ED19E206E2}.AppStore|iPhoneSimulator.Build.0 = Release|Any CPU
		{E791E2D1-0BFF-4D8C-BB25-F4ED19E206E2}.Debug|Any CPU.ActiveCfg = Debug|Any CPU
		{E791E2D1-0BFF-4D8C-BB25-F4ED19E206E2}.Debug|Any CPU.Build.0 = Debug|Any CPU
		{E791E2D1-0BFF-4D8C-BB25-F4ED19E206E2}.Debug|iPhone.ActiveCfg = Debug|Any CPU
		{E791E2D1-0BFF-4D8C-BB25-F4ED19E206E2}.Debug|iPhone.Build.0 = Debug|Any CPU
		{E791E2D1-0BFF-4D8C-BB25-F4ED19E206E2}.Debug|iPhoneSimulator.ActiveCfg = Debug|Any CPU
		{E791E2D1-0BFF-4D8C-BB25-F4ED19E206E2}.Debug|iPhoneSimulator.Build.0 = Debug|Any CPU
		{E791E2D1-0BFF-4D8C-BB25-F4ED19E206E2}.Release|Any CPU.ActiveCfg = Release|Any CPU
		{E791E2D1-0BFF-4D8C-BB25-F4ED19E206E2}.Release|Any CPU.Build.0 = Release|Any CPU
		{E791E2D1-0BFF-4D8C-BB25-F4ED19E206E2}.Release|iPhone.ActiveCfg = Release|Any CPU
		{E791E2D1-0BFF-4D8C-BB25-F4ED19E206E2}.Release|iPhone.Build.0 = Release|Any CPU
		{E791E2D1-0BFF-4D8C-BB25-F4ED19E206E2}.Release|iPhoneSimulator.ActiveCfg = Release|Any CPU
		{E791E2D1-0BFF-4D8C-BB25-F4ED19E206E2}.Release|iPhoneSimulator.Build.0 = Release|Any CPU
		{92A55AA1-6826-413A-B298-B3857A6C85BF}.Ad-Hoc|Any CPU.ActiveCfg = Release|Any CPU
		{92A55AA1-6826-413A-B298-B3857A6C85BF}.Ad-Hoc|Any CPU.Build.0 = Release|Any CPU
		{92A55AA1-6826-413A-B298-B3857A6C85BF}.Ad-Hoc|iPhone.ActiveCfg = Release|Any CPU
		{92A55AA1-6826-413A-B298-B3857A6C85BF}.Ad-Hoc|iPhone.Build.0 = Release|Any CPU
		{92A55AA1-6826-413A-B298-B3857A6C85BF}.Ad-Hoc|iPhoneSimulator.ActiveCfg = Release|Any CPU
		{92A55AA1-6826-413A-B298-B3857A6C85BF}.Ad-Hoc|iPhoneSimulator.Build.0 = Release|Any CPU
		{92A55AA1-6826-413A-B298-B3857A6C85BF}.AppStore|Any CPU.ActiveCfg = Release|Any CPU
		{92A55AA1-6826-413A-B298-B3857A6C85BF}.AppStore|Any CPU.Build.0 = Release|Any CPU
		{92A55AA1-6826-413A-B298-B3857A6C85BF}.AppStore|iPhone.ActiveCfg = Release|Any CPU
		{92A55AA1-6826-413A-B298-B3857A6C85BF}.AppStore|iPhone.Build.0 = Release|Any CPU
		{92A55AA1-6826-413A-B298-B3857A6C85BF}.AppStore|iPhoneSimulator.ActiveCfg = Release|Any CPU
		{92A55AA1-6826-413A-B298-B3857A6C85BF}.AppStore|iPhoneSimulator.Build.0 = Release|Any CPU
		{92A55AA1-6826-413A-B298-B3857A6C85BF}.Debug|Any CPU.ActiveCfg = Debug|Any CPU
		{92A55AA1-6826-413A-B298-B3857A6C85BF}.Debug|Any CPU.Build.0 = Debug|Any CPU
		{92A55AA1-6826-413A-B298-B3857A6C85BF}.Debug|iPhone.ActiveCfg = Debug|Any CPU
		{92A55AA1-6826-413A-B298-B3857A6C85BF}.Debug|iPhone.Build.0 = Debug|Any CPU
		{92A55AA1-6826-413A-B298-B3857A6C85BF}.Debug|iPhoneSimulator.ActiveCfg = Debug|Any CPU
		{92A55AA1-6826-413A-B298-B3857A6C85BF}.Debug|iPhoneSimulator.Build.0 = Debug|Any CPU
		{92A55AA1-6826-413A-B298-B3857A6C85BF}.Release|Any CPU.ActiveCfg = Release|Any CPU
		{92A55AA1-6826-413A-B298-B3857A6C85BF}.Release|Any CPU.Build.0 = Release|Any CPU
		{92A55AA1-6826-413A-B298-B3857A6C85BF}.Release|iPhone.ActiveCfg = Release|Any CPU
		{92A55AA1-6826-413A-B298-B3857A6C85BF}.Release|iPhone.Build.0 = Release|Any CPU
		{92A55AA1-6826-413A-B298-B3857A6C85BF}.Release|iPhoneSimulator.ActiveCfg = Release|Any CPU
		{92A55AA1-6826-413A-B298-B3857A6C85BF}.Release|iPhoneSimulator.Build.0 = Release|Any CPU
		{7126F865-BEB1-42A8-BE64-08F3DE5B206A}.Ad-Hoc|Any CPU.ActiveCfg = Release|Any CPU
		{7126F865-BEB1-42A8-BE64-08F3DE5B206A}.Ad-Hoc|Any CPU.Build.0 = Release|Any CPU
		{7126F865-BEB1-42A8-BE64-08F3DE5B206A}.Ad-Hoc|iPhone.ActiveCfg = Release|Any CPU
		{7126F865-BEB1-42A8-BE64-08F3DE5B206A}.Ad-Hoc|iPhone.Build.0 = Release|Any CPU
		{7126F865-BEB1-42A8-BE64-08F3DE5B206A}.Ad-Hoc|iPhoneSimulator.ActiveCfg = Release|Any CPU
		{7126F865-BEB1-42A8-BE64-08F3DE5B206A}.Ad-Hoc|iPhoneSimulator.Build.0 = Release|Any CPU
		{7126F865-BEB1-42A8-BE64-08F3DE5B206A}.AppStore|Any CPU.ActiveCfg = Release|Any CPU
		{7126F865-BEB1-42A8-BE64-08F3DE5B206A}.AppStore|Any CPU.Build.0 = Release|Any CPU
		{7126F865-BEB1-42A8-BE64-08F3DE5B206A}.AppStore|iPhone.ActiveCfg = Release|Any CPU
		{7126F865-BEB1-42A8-BE64-08F3DE5B206A}.AppStore|iPhone.Build.0 = Release|Any CPU
		{7126F865-BEB1-42A8-BE64-08F3DE5B206A}.AppStore|iPhoneSimulator.ActiveCfg = Release|Any CPU
		{7126F865-BEB1-42A8-BE64-08F3DE5B206A}.AppStore|iPhoneSimulator.Build.0 = Release|Any CPU
		{7126F865-BEB1-42A8-BE64-08F3DE5B206A}.Debug|Any CPU.ActiveCfg = Debug|Any CPU
		{7126F865-BEB1-42A8-BE64-08F3DE5B206A}.Debug|Any CPU.Build.0 = Debug|Any CPU
		{7126F865-BEB1-42A8-BE64-08F3DE5B206A}.Debug|iPhone.ActiveCfg = Debug|Any CPU
		{7126F865-BEB1-42A8-BE64-08F3DE5B206A}.Debug|iPhone.Build.0 = Debug|Any CPU
		{7126F865-BEB1-42A8-BE64-08F3DE5B206A}.Debug|iPhoneSimulator.ActiveCfg = Debug|Any CPU
		{7126F865-BEB1-42A8-BE64-08F3DE5B206A}.Debug|iPhoneSimulator.Build.0 = Debug|Any CPU
		{7126F865-BEB1-42A8-BE64-08F3DE5B206A}.Release|Any CPU.ActiveCfg = Release|Any CPU
		{7126F865-BEB1-42A8-BE64-08F3DE5B206A}.Release|Any CPU.Build.0 = Release|Any CPU
		{7126F865-BEB1-42A8-BE64-08F3DE5B206A}.Release|iPhone.ActiveCfg = Release|Any CPU
		{7126F865-BEB1-42A8-BE64-08F3DE5B206A}.Release|iPhone.Build.0 = Release|Any CPU
		{7126F865-BEB1-42A8-BE64-08F3DE5B206A}.Release|iPhoneSimulator.ActiveCfg = Release|Any CPU
		{7126F865-BEB1-42A8-BE64-08F3DE5B206A}.Release|iPhoneSimulator.Build.0 = Release|Any CPU
		{C2BCC157-1B9B-4398-BDE4-BFFE328AB2BC}.Ad-Hoc|Any CPU.ActiveCfg = Debug|Any CPU
		{C2BCC157-1B9B-4398-BDE4-BFFE328AB2BC}.Ad-Hoc|Any CPU.Build.0 = Debug|Any CPU
		{C2BCC157-1B9B-4398-BDE4-BFFE328AB2BC}.Ad-Hoc|iPhone.ActiveCfg = Debug|Any CPU
		{C2BCC157-1B9B-4398-BDE4-BFFE328AB2BC}.Ad-Hoc|iPhone.Build.0 = Debug|Any CPU
		{C2BCC157-1B9B-4398-BDE4-BFFE328AB2BC}.Ad-Hoc|iPhoneSimulator.ActiveCfg = Debug|Any CPU
		{C2BCC157-1B9B-4398-BDE4-BFFE328AB2BC}.Ad-Hoc|iPhoneSimulator.Build.0 = Debug|Any CPU
		{C2BCC157-1B9B-4398-BDE4-BFFE328AB2BC}.AppStore|Any CPU.ActiveCfg = Debug|Any CPU
		{C2BCC157-1B9B-4398-BDE4-BFFE328AB2BC}.AppStore|Any CPU.Build.0 = Debug|Any CPU
		{C2BCC157-1B9B-4398-BDE4-BFFE328AB2BC}.AppStore|iPhone.ActiveCfg = Debug|Any CPU
		{C2BCC157-1B9B-4398-BDE4-BFFE328AB2BC}.AppStore|iPhone.Build.0 = Debug|Any CPU
		{C2BCC157-1B9B-4398-BDE4-BFFE328AB2BC}.AppStore|iPhoneSimulator.ActiveCfg = Debug|Any CPU
		{C2BCC157-1B9B-4398-BDE4-BFFE328AB2BC}.AppStore|iPhoneSimulator.Build.0 = Debug|Any CPU
		{C2BCC157-1B9B-4398-BDE4-BFFE328AB2BC}.Debug|Any CPU.ActiveCfg = Debug|Any CPU
		{C2BCC157-1B9B-4398-BDE4-BFFE328AB2BC}.Debug|Any CPU.Build.0 = Debug|Any CPU
		{C2BCC157-1B9B-4398-BDE4-BFFE328AB2BC}.Debug|iPhone.ActiveCfg = Debug|Any CPU
		{C2BCC157-1B9B-4398-BDE4-BFFE328AB2BC}.Debug|iPhone.Build.0 = Debug|Any CPU
		{C2BCC157-1B9B-4398-BDE4-BFFE328AB2BC}.Debug|iPhoneSimulator.ActiveCfg = Debug|Any CPU
		{C2BCC157-1B9B-4398-BDE4-BFFE328AB2BC}.Debug|iPhoneSimulator.Build.0 = Debug|Any CPU
		{C2BCC157-1B9B-4398-BDE4-BFFE328AB2BC}.Release|Any CPU.ActiveCfg = Release|Any CPU
		{C2BCC157-1B9B-4398-BDE4-BFFE328AB2BC}.Release|Any CPU.Build.0 = Release|Any CPU
		{C2BCC157-1B9B-4398-BDE4-BFFE328AB2BC}.Release|iPhone.ActiveCfg = Release|Any CPU
		{C2BCC157-1B9B-4398-BDE4-BFFE328AB2BC}.Release|iPhone.Build.0 = Release|Any CPU
		{C2BCC157-1B9B-4398-BDE4-BFFE328AB2BC}.Release|iPhoneSimulator.ActiveCfg = Release|Any CPU
		{C2BCC157-1B9B-4398-BDE4-BFFE328AB2BC}.Release|iPhoneSimulator.Build.0 = Release|Any CPU
	EndGlobalSection
	GlobalSection(SolutionProperties) = preSolution
		HideSolutionNode = FALSE
	EndGlobalSection
	GlobalSection(ExtensibilityGlobals) = postSolution
		SolutionGuid = {6D9FB422-B126-4A36-BA5E-C6FC14E90370}
	EndGlobalSection
EndGlobal
