
Microsoft Visual Studio Solution File, Format Version 12.00
# Visual Studio 15
VisualStudioVersion = 15.0.27703.2026
MinimumVisualStudioVersion = 10.0.40219.1
Project("{262852C6-CD72-467D-83FE-5EEB1973A190}") = "DbamOMiasto", "DbamOMiasto\DbamOMiasto.jsproj", "{A7E4A3D2-0FE8-49CB-B649-D0AA820BCC58}"
EndProject
Global
	GlobalSection(SolutionConfigurationPlatforms) = preSolution
		Debug|Android = Debug|Android
		Debug|iOS = Debug|iOS
		Debug|Windows-ARM = Debug|Windows-ARM
		Debug|Windows-x64 = Debug|Windows-x64
		Debug|Windows-x86 = Debug|Windows-x86
		Release|Android = Release|Android
		Release|iOS = Release|iOS
		Release|Windows-ARM = Release|Windows-ARM
		Release|Windows-x64 = Release|Windows-x64
		Release|Windows-x86 = Release|Windows-x86
	EndGlobalSection
	GlobalSection(ProjectConfigurationPlatforms) = postSolution
		{A7E4A3D2-0FE8-49CB-B649-D0AA820BCC58}.Debug|Android.ActiveCfg = Debug|Android
		{A7E4A3D2-0FE8-49CB-B649-D0AA820BCC58}.Debug|Android.Build.0 = Debug|Android
		{A7E4A3D2-0FE8-49CB-B649-D0AA820BCC58}.Debug|Android.Deploy.0 = Debug|Android
		{A7E4A3D2-0FE8-49CB-B649-D0AA820BCC58}.Debug|iOS.ActiveCfg = Debug|iOS
		{A7E4A3D2-0FE8-49CB-B649-D0AA820BCC58}.Debug|iOS.Build.0 = Debug|iOS
		{A7E4A3D2-0FE8-49CB-B649-D0AA820BCC58}.Debug|iOS.Deploy.0 = Debug|iOS
		{A7E4A3D2-0FE8-49CB-B649-D0AA820BCC58}.Debug|Windows-ARM.ActiveCfg = Debug|Windows-ARM
		{A7E4A3D2-0FE8-49CB-B649-D0AA820BCC58}.Debug|Windows-ARM.Build.0 = Debug|Windows-ARM
		{A7E4A3D2-0FE8-49CB-B649-D0AA820BCC58}.Debug|Windows-ARM.Deploy.0 = Debug|Windows-ARM
		{A7E4A3D2-0FE8-49CB-B649-D0AA820BCC58}.Debug|Windows-x64.ActiveCfg = Debug|Windows-x64
		{A7E4A3D2-0FE8-49CB-B649-D0AA820BCC58}.Debug|Windows-x64.Build.0 = Debug|Windows-x64
		{A7E4A3D2-0FE8-49CB-B649-D0AA820BCC58}.Debug|Windows-x64.Deploy.0 = Debug|Windows-x64
		{A7E4A3D2-0FE8-49CB-B649-D0AA820BCC58}.Debug|Windows-x86.ActiveCfg = Debug|Windows-x86
		{A7E4A3D2-0FE8-49CB-B649-D0AA820BCC58}.Debug|Windows-x86.Build.0 = Debug|Windows-x86
		{A7E4A3D2-0FE8-49CB-B649-D0AA820BCC58}.Debug|Windows-x86.Deploy.0 = Debug|Windows-x86
		{A7E4A3D2-0FE8-49CB-B649-D0AA820BCC58}.Release|Android.ActiveCfg = Release|Android
		{A7E4A3D2-0FE8-49CB-B649-D0AA820BCC58}.Release|Android.Build.0 = Release|Android
		{A7E4A3D2-0FE8-49CB-B649-D0AA820BCC58}.Release|Android.Deploy.0 = Release|Android
		{A7E4A3D2-0FE8-49CB-B649-D0AA820BCC58}.Release|iOS.ActiveCfg = Release|iOS
		{A7E4A3D2-0FE8-49CB-B649-D0AA820BCC58}.Release|iOS.Build.0 = Release|iOS
		{A7E4A3D2-0FE8-49CB-B649-D0AA820BCC58}.Release|iOS.Deploy.0 = Release|iOS
		{A7E4A3D2-0FE8-49CB-B649-D0AA820BCC58}.Release|Windows-ARM.ActiveCfg = Release|Windows-ARM
		{A7E4A3D2-0FE8-49CB-B649-D0AA820BCC58}.Release|Windows-ARM.Build.0 = Release|Windows-ARM
		{A7E4A3D2-0FE8-49CB-B649-D0AA820BCC58}.Release|Windows-ARM.Deploy.0 = Release|Windows-ARM
		{A7E4A3D2-0FE8-49CB-B649-D0AA820BCC58}.Release|Windows-x64.ActiveCfg = Release|Windows-x64
		{A7E4A3D2-0FE8-49CB-B649-D0AA820BCC58}.Release|Windows-x64.Build.0 = Release|Windows-x64
		{A7E4A3D2-0FE8-49CB-B649-D0AA820BCC58}.Release|Windows-x64.Deploy.0 = Release|Windows-x64
		{A7E4A3D2-0FE8-49CB-B649-D0AA820BCC58}.Release|Windows-x86.ActiveCfg = Release|Windows-x86
		{A7E4A3D2-0FE8-49CB-B649-D0AA820BCC58}.Release|Windows-x86.Build.0 = Release|Windows-x86
		{A7E4A3D2-0FE8-49CB-B649-D0AA820BCC58}.Release|Windows-x86.Deploy.0 = Release|Windows-x86
	EndGlobalSection
	GlobalSection(SolutionProperties) = preSolution
		HideSolutionNode = FALSE
	EndGlobalSection
	GlobalSection(ExtensibilityGlobals) = postSolution
		SolutionGuid = {CAD3E4D0-DC08-425F-8342-1DE09B2BAB29}
	EndGlobalSection
EndGlobal
